// !$*UTF8*$!
{
	archiveVersion = 1;
	classes = {
	};
	objectVersion = 56;
	objects = {

/* Begin PBXBuildFile section */
		5F8163052BE0E05700A0071A /* L1-Pointer-to-integer.c in Sources */ = {isa = PBXBuildFile; fileRef = 5F8163042BE0E05700A0071A /* L1-Pointer-to-integer.c */; };
		5F81630B2BE3488200A0071A /* calculator.cpp in Sources */ = {isa = PBXBuildFile; fileRef = 5F81630A2BE3488200A0071A /* calculator.cpp */; };
		5FF77DDB2BC0521000D94C98 /* preprocessors.c in Sources */ = {isa = PBXBuildFile; fileRef = 5FF77DDA2BC0521000D94C98 /* preprocessors.c */; };
/* End PBXBuildFile section */

/* Begin PBXCopyFilesBuildPhase section */
		5F8162DF2BDE166800A0071A /* CopyFiles */ = {
			isa = PBXCopyFilesBuildPhase;
			buildActionMask = 2147483647;
			dstPath = /usr/share/man/man1/;
			dstSubfolderSpec = 0;
			files = (
			);
			runOnlyForDeploymentPostprocessing = 1;
		};
		5F8162EA2BDE16A000A0071A /* CopyFiles */ = {
			isa = PBXCopyFilesBuildPhase;
			buildActionMask = 2147483647;
			dstPath = /usr/share/man/man1/;
			dstSubfolderSpec = 0;
			files = (
			);
			runOnlyForDeploymentPostprocessing = 1;
		};
		5F8162FB2BE0E01D00A0071A /* CopyFiles */ = {
			isa = PBXCopyFilesBuildPhase;
			buildActionMask = 2147483647;
			dstPath = /usr/share/man/man1/;
			dstSubfolderSpec = 0;
			files = (
			);
			runOnlyForDeploymentPostprocessing = 1;
		};
		5FF77DD12BC051F500D94C98 /* CopyFiles */ = {
			isa = PBXCopyFilesBuildPhase;
			buildActionMask = 2147483647;
			dstPath = /usr/share/man/man1/;
			dstSubfolderSpec = 0;
			files = (
			);
			runOnlyForDeploymentPostprocessing = 1;
		};
/* End PBXCopyFilesBuildPhase section */

/* Begin PBXFileReference section */
		5F8162D02BDE118300A0071A /* functionOverloading.cpp */ = {isa = PBXFileReference; lastKnownFileType = sourcecode.cpp.cpp; path = functionOverloading.cpp; sourceTree = "<group>"; };
		5F8162E12BDE166800A0071A /* CPP_Essen */ = {isa = PBXFileReference; explicitFileType = "compiled.mach-o.executable"; includeInIndex = 0; name = CPP_Essen; path = /Users/anmolkhanna/Xcode_CPP/EssentialsOfCPP/build/Debug/CPP_Essen; sourceTree = "<absolute>"; };
		5F8162EC2BDE16A000A0071A /* EssentialsOfCPP */ = {isa = PBXFileReference; explicitFileType = "compiled.mach-o.executable"; includeInIndex = 0; path = EssentialsOfCPP; sourceTree = BUILT_PRODUCTS_DIR; };
		5F8162EE2BDE16A000A0071A /* main.cpp */ = {isa = PBXFileReference; lastKnownFileType = sourcecode.cpp.cpp; path = main.cpp; sourceTree = "<group>"; };
		5F8162F52BDEDFEC00A0071A /* primitiveArrays.cpp */ = {isa = PBXFileReference; lastKnownFileType = sourcecode.cpp.cpp; path = primitiveArrays.cpp; sourceTree = "<group>"; };
		5F8162F72BE0BBBA00A0071A /* structs_basics.cpp */ = {isa = PBXFileReference; lastKnownFileType = sourcecode.cpp.cpp; path = structs_basics.cpp; sourceTree = "<group>"; };
		5F8162FD2BE0E01D00A0071A /* Advanced-C-Programming */ = {isa = PBXFileReference; explicitFileType = "compiled.mach-o.executable"; includeInIndex = 0; path = "Advanced-C-Programming"; sourceTree = BUILT_PRODUCTS_DIR; };
		5F8162FF2BE0E01D00A0071A /* main.c */ = {isa = PBXFileReference; lastKnownFileType = sourcecode.c.c; path = main.c; sourceTree = "<group>"; };
		5F8163042BE0E05700A0071A /* L1-Pointer-to-integer.c */ = {isa = PBXFileReference; lastKnownFileType = sourcecode.c.c; path = "L1-Pointer-to-integer.c"; sourceTree = "<group>"; };
		5F8163082BE328E900A0071A /* libraryCard.cpp */ = {isa = PBXFileReference; lastKnownFileType = sourcecode.cpp.cpp; path = libraryCard.cpp; sourceTree = "<group>"; };
		5F81630A2BE3488200A0071A /* calculator.cpp */ = {isa = PBXFileReference; lastKnownFileType = sourcecode.cpp.cpp; path = calculator.cpp; sourceTree = "<group>"; };
		5F98F3112BDCA7F4001B44A8 /* using_const.cpp */ = {isa = PBXFileReference; fileEncoding = 4; lastKnownFileType = sourcecode.cpp.cpp; path = using_const.cpp; sourceTree = "<group>"; };
		5F98F3132BDCA7F4001B44A8 /* loops_in_cpp.cpp */ = {isa = PBXFileReference; fileEncoding = 4; lastKnownFileType = sourcecode.cpp.cpp; path = loops_in_cpp.cpp; sourceTree = "<group>"; };
		5F98F3142BDCA7F4001B44A8 /* playing_with_cmd_line_arguments.cpp */ = {isa = PBXFileReference; fileEncoding = 4; lastKnownFileType = sourcecode.cpp.cpp; path = playing_with_cmd_line_arguments.cpp; sourceTree = "<group>"; };
		5F98F3172BDCA7F4001B44A8 /* the_very_basics.cpp */ = {isa = PBXFileReference; fileEncoding = 4; lastKnownFileType = sourcecode.cpp.cpp; path = the_very_basics.cpp; sourceTree = "<group>"; };
		5F98F31A2BDCA7F4001B44A8 /* learning_header_files.cpp */ = {isa = PBXFileReference; fileEncoding = 4; lastKnownFileType = sourcecode.cpp.cpp; path = learning_header_files.cpp; sourceTree = "<group>"; };
		5F98F31B2BDCA7F4001B44A8 /* pointers_all.cpp */ = {isa = PBXFileReference; fileEncoding = 4; lastKnownFileType = sourcecode.cpp.cpp; path = pointers_all.cpp; sourceTree = "<group>"; };
		5F98F31C2BDCA7F4001B44A8 /* trying_out_lambdas.cpp */ = {isa = PBXFileReference; fileEncoding = 4; lastKnownFileType = sourcecode.cpp.cpp; path = trying_out_lambdas.cpp; sourceTree = "<group>"; };
		5FE3A0FE2BDCFF9C002DABC2 /* geometry.h */ = {isa = PBXFileReference; lastKnownFileType = sourcecode.c.h; path = geometry.h; sourceTree = "<group>"; };
		5FE3A1002BDCFFD0002DABC2 /* dealingWithIO.cpp */ = {isa = PBXFileReference; lastKnownFileType = sourcecode.cpp.cpp; path = dealingWithIO.cpp; sourceTree = "<group>"; };
		5FE3A1022BDD4613002DABC2 /* floating_point_types_2.cpp */ = {isa = PBXFileReference; lastKnownFileType = sourcecode.cpp.cpp; path = floating_point_types_2.cpp; sourceTree = "<group>"; };
		5FE3A1042BDD4B70002DABC2 /* learning_auto.cpp */ = {isa = PBXFileReference; lastKnownFileType = sourcecode.cpp.cpp; path = learning_auto.cpp; sourceTree = "<group>"; };
		5FE3A1062BDD4BD1002DABC2 /* using_functions.cpp */ = {isa = PBXFileReference; lastKnownFileType = sourcecode.cpp.cpp; path = using_functions.cpp; sourceTree = "<group>"; };
		5FE3A1082BDD4BFA002DABC2 /* factorial.cpp */ = {isa = PBXFileReference; lastKnownFileType = sourcecode.cpp.cpp; path = factorial.cpp; sourceTree = "<group>"; };
		5FE3A10A2BDD4C39002DABC2 /* floating_point_types.cpp */ = {isa = PBXFileReference; lastKnownFileType = sourcecode.cpp.cpp; path = floating_point_types.cpp; sourceTree = "<group>"; };
		5FF77DD52BC051F600D94C98 /* main.c */ = {isa = PBXFileReference; lastKnownFileType = sourcecode.c.c; path = main.c; sourceTree = "<group>"; };
		5FF77DDA2BC0521000D94C98 /* preprocessors.c */ = {isa = PBXFileReference; lastKnownFileType = sourcecode.c.c; path = preprocessors.c; sourceTree = "<group>"; };
/* End PBXFileReference section */

/* Begin PBXFrameworksBuildPhase section */
		5F8162DE2BDE166800A0071A /* Frameworks */ = {
			isa = PBXFrameworksBuildPhase;
			buildActionMask = 2147483647;
			files = (
			);
			runOnlyForDeploymentPostprocessing = 0;
		};
		5F8162E92BDE16A000A0071A /* Frameworks */ = {
			isa = PBXFrameworksBuildPhase;
			buildActionMask = 2147483647;
			files = (
			);
			runOnlyForDeploymentPostprocessing = 0;
		};
		5F8162FA2BE0E01D00A0071A /* Frameworks */ = {
			isa = PBXFrameworksBuildPhase;
			buildActionMask = 2147483647;
			files = (
			);
			runOnlyForDeploymentPostprocessing = 0;
		};
		5FF77DD02BC051F500D94C98 /* Frameworks */ = {
			isa = PBXFrameworksBuildPhase;
			buildActionMask = 2147483647;
			files = (
			);
			runOnlyForDeploymentPostprocessing = 0;
		};
/* End PBXFrameworksBuildPhase section */

/* Begin PBXGroup section */
		5F8162ED2BDE16A000A0071A /* EssentialsOfCPP */ = {
			isa = PBXGroup;
			children = (
				5F8162EE2BDE16A000A0071A /* main.cpp */,
			);
			path = EssentialsOfCPP;
			sourceTree = "<group>";
		};
		5F8162FE2BE0E01D00A0071A /* Advanced-C-Programming */ = {
			isa = PBXGroup;
			children = (
				5F8163042BE0E05700A0071A /* L1-Pointer-to-integer.c */,
				5F8162FF2BE0E01D00A0071A /* main.c */,
			);
			path = "Advanced-C-Programming";
			sourceTree = "<group>";
		};
		5FB632AD2BBCE29F00CCA63C = {
			isa = PBXGroup;
			children = (
				5FB632B82BBCE29F00CCA63C /* EssentialsOfCPP */,
				5FF77DD42BC051F600D94C98 /* C_DanGookin */,
				5F8162EC2BDE16A000A0071A /* EssentialsOfCPP */,
				5F8162ED2BDE16A000A0071A /* EssentialsOfCPP */,
				5F8162FD2BE0E01D00A0071A /* Advanced-C-Programming */,
				5F8162FE2BE0E01D00A0071A /* Advanced-C-Programming */,
			);
			sourceTree = "<group>";
		};
		5FB632B82BBCE29F00CCA63C /* EssentialsOfCPP */ = {
			isa = PBXGroup;
			children = (
				5FE3A0FF2BDCFFA9002DABC2 /* include */,
				5FE3A0FD2BDCFF7C002DABC2 /* utils */,
				5F98F31A2BDCA7F4001B44A8 /* learning_header_files.cpp */,
				5F98F3132BDCA7F4001B44A8 /* loops_in_cpp.cpp */,
				5F98F3142BDCA7F4001B44A8 /* playing_with_cmd_line_arguments.cpp */,
				5F98F31B2BDCA7F4001B44A8 /* pointers_all.cpp */,
				5F98F3172BDCA7F4001B44A8 /* the_very_basics.cpp */,
				5F98F31C2BDCA7F4001B44A8 /* trying_out_lambdas.cpp */,
				5F98F3112BDCA7F4001B44A8 /* using_const.cpp */,
				5FE3A1022BDD4613002DABC2 /* floating_point_types_2.cpp */,
				5FE3A1042BDD4B70002DABC2 /* learning_auto.cpp */,
				5FE3A1062BDD4BD1002DABC2 /* using_functions.cpp */,
				5FE3A10A2BDD4C39002DABC2 /* floating_point_types.cpp */,
				5F8162F52BDEDFEC00A0071A /* primitiveArrays.cpp */,
				5F8162F72BE0BBBA00A0071A /* structs_basics.cpp */,
				5F8163082BE328E900A0071A /* libraryCard.cpp */,
				5F81630A2BE3488200A0071A /* calculator.cpp */,
			);
			path = EssentialsOfCPP;
			sourceTree = "<group>";
		};
		5FE3A0FD2BDCFF7C002DABC2 /* utils */ = {
			isa = PBXGroup;
			children = (
				5FE3A1002BDCFFD0002DABC2 /* dealingWithIO.cpp */,
				5FE3A1082BDD4BFA002DABC2 /* factorial.cpp */,
				5F8162D02BDE118300A0071A /* functionOverloading.cpp */,
			);
			path = utils;
			sourceTree = "<group>";
		};
		5FE3A0FF2BDCFFA9002DABC2 /* include */ = {
			isa = PBXGroup;
			children = (
				5FE3A0FE2BDCFF9C002DABC2 /* geometry.h */,
			);
			path = include;
			sourceTree = "<group>";
		};
		5FF77DD42BC051F600D94C98 /* C_DanGookin */ = {
			isa = PBXGroup;
			children = (
				5FF77DD52BC051F600D94C98 /* main.c */,
				5FF77DDA2BC0521000D94C98 /* preprocessors.c */,
			);
			path = C_DanGookin;
			sourceTree = "<group>";
		};
/* End PBXGroup section */

/* Begin PBXNativeTarget section */
		5F8162E02BDE166800A0071A /* CPP_Essen */ = {
			isa = PBXNativeTarget;
			buildConfigurationList = 5F8162E52BDE166800A0071A /* Build configuration list for PBXNativeTarget "CPP_Essen" */;
			buildPhases = (
				5F8162DD2BDE166800A0071A /* Sources */,
				5F8162DE2BDE166800A0071A /* Frameworks */,
				5F8162DF2BDE166800A0071A /* CopyFiles */,
			);
			buildRules = (
			);
			dependencies = (
			);
			name = CPP_Essen;
			productName = CPP_Essen;
			productReference = 5F8162E12BDE166800A0071A /* CPP_Essen */;
			productType = "com.apple.product-type.tool";
		};
		5F8162EB2BDE16A000A0071A /* EssentialsOfCPP */ = {
			isa = PBXNativeTarget;
			buildConfigurationList = 5F8162F02BDE16A000A0071A /* Build configuration list for PBXNativeTarget "EssentialsOfCPP" */;
			buildPhases = (
				5F8162E82BDE16A000A0071A /* Sources */,
				5F8162E92BDE16A000A0071A /* Frameworks */,
				5F8162EA2BDE16A000A0071A /* CopyFiles */,
			);
			buildRules = (
			);
			dependencies = (
			);
			name = EssentialsOfCPP;
			productName = EssentialsOfCPP;
			productReference = 5F8162EC2BDE16A000A0071A /* EssentialsOfCPP */;
			productType = "com.apple.product-type.tool";
		};
		5F8162FC2BE0E01D00A0071A /* Advanced-C-Programming */ = {
			isa = PBXNativeTarget;
			buildConfigurationList = 5F8163012BE0E01D00A0071A /* Build configuration list for PBXNativeTarget "Advanced-C-Programming" */;
			buildPhases = (
				5F8162F92BE0E01D00A0071A /* Sources */,
				5F8162FA2BE0E01D00A0071A /* Frameworks */,
				5F8162FB2BE0E01D00A0071A /* CopyFiles */,
			);
			buildRules = (
			);
			dependencies = (
			);
			name = "Advanced-C-Programming";
			productName = "Advanced-C-Programming";
			productReference = 5F8162FD2BE0E01D00A0071A /* Advanced-C-Programming */;
			productType = "com.apple.product-type.tool";
		};
		5FF77DD22BC051F500D94C98 /* C_DanGookin */ = {
			isa = PBXNativeTarget;
			buildConfigurationList = 5FF77DD72BC051F600D94C98 /* Build configuration list for PBXNativeTarget "C_DanGookin" */;
			buildPhases = (
				5FF77DCF2BC051F500D94C98 /* Sources */,
				5FF77DD02BC051F500D94C98 /* Frameworks */,
				5FF77DD12BC051F500D94C98 /* CopyFiles */,
			);
			buildRules = (
			);
			dependencies = (
			);
			name = C_DanGookin;
			productName = C_DanGookin;
			productType = "com.apple.product-type.tool";
		};
/* End PBXNativeTarget section */

/* Begin PBXProject section */
		5FB632AE2BBCE29F00CCA63C /* Project object */ = {
			isa = PBXProject;
			attributes = {
				BuildIndependentTargetsInParallel = 1;
				LastUpgradeCheck = 1520;
				TargetAttributes = {
					5F8162E02BDE166800A0071A = {
						CreatedOnToolsVersion = 15.2;
					};
					5F8162EB2BDE16A000A0071A = {
						CreatedOnToolsVersion = 15.2;
					};
					5F8162FC2BE0E01D00A0071A = {
						CreatedOnToolsVersion = 15.2;
					};
					5FF77DD22BC051F500D94C98 = {
						CreatedOnToolsVersion = 15.2;
					};
				};
			};
			buildConfigurationList = 5FB632B12BBCE29F00CCA63C /* Build configuration list for PBXProject "EssentialsOfCPP" */;
			compatibilityVersion = "Xcode 14.0";
			developmentRegion = en;
			hasScannedForEncodings = 0;
			knownRegions = (
				en,
				Base,
			);
			mainGroup = 5FB632AD2BBCE29F00CCA63C;
			productRefGroup = 5FB632AD2BBCE29F00CCA63C;
			projectDirPath = "";
			projectRoot = "";
			targets = (
				5FF77DD22BC051F500D94C98 /* C_DanGookin */,
				5F8162E02BDE166800A0071A /* CPP_Essen */,
				5F8162EB2BDE16A000A0071A /* EssentialsOfCPP */,
				5F8162FC2BE0E01D00A0071A /* Advanced-C-Programming */,
			);
		};
/* End PBXProject section */

/* Begin PBXSourcesBuildPhase section */
		5F8162DD2BDE166800A0071A /* Sources */ = {
			isa = PBXSourcesBuildPhase;
			buildActionMask = 2147483647;
			files = (
			);
			runOnlyForDeploymentPostprocessing = 0;
		};
		5F8162E82BDE16A000A0071A /* Sources */ = {
			isa = PBXSourcesBuildPhase;
			buildActionMask = 2147483647;
			files = (
				5F81630B2BE3488200A0071A /* calculator.cpp in Sources */,
			);
			runOnlyForDeploymentPostprocessing = 0;
		};
		5F8162F92BE0E01D00A0071A /* Sources */ = {
			isa = PBXSourcesBuildPhase;
			buildActionMask = 2147483647;
			files = (
				5F8163052BE0E05700A0071A /* L1-Pointer-to-integer.c in Sources */,
			);
			runOnlyForDeploymentPostprocessing = 0;
		};
		5FF77DCF2BC051F500D94C98 /* Sources */ = {
			isa = PBXSourcesBuildPhase;
			buildActionMask = 2147483647;
			files = (
				5FF77DDB2BC0521000D94C98 /* preprocessors.c in Sources */,
			);
			runOnlyForDeploymentPostprocessing = 0;
		};
/* End PBXSourcesBuildPhase section */

/* Begin XCBuildConfiguration section */
		5F8162E62BDE166800A0071A /* Debug */ = {
			isa = XCBuildConfiguration;
			buildSettings = {
				CLANG_CXX_LANGUAGE_STANDARD = "gnu++20";
				CODE_SIGN_STYLE = Automatic;
				DEVELOPMENT_TEAM = 3KNUAKA9XC;
				ENABLE_HARDENED_RUNTIME = YES;
				GCC_C_LANGUAGE_STANDARD = gnu17;
				PRODUCT_NAME = "$(TARGET_NAME)";
			};
			name = Debug;
		};
		5F8162E72BDE166800A0071A /* Release */ = {
			isa = XCBuildConfiguration;
			buildSettings = {
				CLANG_CXX_LANGUAGE_STANDARD = "gnu++20";
				CODE_SIGN_STYLE = Automatic;
				DEVELOPMENT_TEAM = 3KNUAKA9XC;
				ENABLE_HARDENED_RUNTIME = YES;
				GCC_C_LANGUAGE_STANDARD = gnu17;
				PRODUCT_NAME = "$(TARGET_NAME)";
			};
			name = Release;
		};
		5F8162F12BDE16A000A0071A /* Debug */ = {
			isa = XCBuildConfiguration;
			buildSettings = {
				CLANG_CXX_LANGUAGE_STANDARD = "c++23";
				CODE_SIGN_STYLE = Automatic;
				DEVELOPMENT_TEAM = 3KNUAKA9XC;
				ENABLE_HARDENED_RUNTIME = YES;
				GCC_C_LANGUAGE_STANDARD = c17;
				MACOSX_DEPLOYMENT_TARGET = 14.2;
				PRODUCT_NAME = "$(TARGET_NAME)";
				SDKROOT = macosx14.2;
			};
			name = Debug;
		};
		5F8162F22BDE16A000A0071A /* Release */ = {
			isa = XCBuildConfiguration;
			buildSettings = {
				CLANG_CXX_LANGUAGE_STANDARD = "c++23";
				CODE_SIGN_STYLE = Automatic;
				DEVELOPMENT_TEAM = 3KNUAKA9XC;
				ENABLE_HARDENED_RUNTIME = YES;
				ENABLE_TESTABILITY = NO;
				GCC_C_LANGUAGE_STANDARD = c17;
				MACOSX_DEPLOYMENT_TARGET = 14.2;
				PRODUCT_NAME = "$(TARGET_NAME)";
				SDKROOT = macosx14.2;
			};
			name = Release;
		};
		5F8163022BE0E01D00A0071A /* Debug */ = {
			isa = XCBuildConfiguration;
			buildSettings = {
				CLANG_CXX_LANGUAGE_STANDARD = "gnu++20";
				CODE_SIGN_STYLE = Automatic;
				DEVELOPMENT_TEAM = 3KNUAKA9XC;
				ENABLE_HARDENED_RUNTIME = YES;
				GCC_C_LANGUAGE_STANDARD = gnu17;
				GCC_OPTIMIZATION_LEVEL = 0;
				PRODUCT_NAME = "$(TARGET_NAME)";
			};
			name = Debug;
		};
		5F8163032BE0E01D00A0071A /* Release */ = {
			isa = XCBuildConfiguration;
			buildSettings = {
				CLANG_CXX_LANGUAGE_STANDARD = "gnu++20";
				CODE_SIGN_STYLE = Automatic;
				DEVELOPMENT_TEAM = 3KNUAKA9XC;
				ENABLE_HARDENED_RUNTIME = YES;
				GCC_C_LANGUAGE_STANDARD = gnu17;
				PRODUCT_NAME = "$(TARGET_NAME)";
			};
			name = Release;
		};
		5FB632BB2BBCE29F00CCA63C /* Debug */ = {
			isa = XCBuildConfiguration;
			buildSettings = {
				ALWAYS_SEARCH_USER_PATHS = NO;
				ASSETCATALOG_COMPILER_GENERATE_SWIFT_ASSET_SYMBOL_EXTENSIONS = YES;
				CLANG_ANALYZER_NONNULL = YES;
				CLANG_ANALYZER_NUMBER_OBJECT_CONVERSION = YES_AGGRESSIVE;
				CLANG_CXX_LANGUAGE_STANDARD = "c++23";
				CLANG_ENABLE_MODULES = YES;
				CLANG_ENABLE_OBJC_ARC = YES;
				CLANG_ENABLE_OBJC_WEAK = YES;
				CLANG_WARN_BLOCK_CAPTURE_AUTORELEASING = YES;
				CLANG_WARN_BOOL_CONVERSION = YES;
				CLANG_WARN_COMMA = YES;
				CLANG_WARN_CONSTANT_CONVERSION = YES;
				CLANG_WARN_DEPRECATED_OBJC_IMPLEMENTATIONS = YES;
				CLANG_WARN_DIRECT_OBJC_ISA_USAGE = YES_ERROR;
				CLANG_WARN_DOCUMENTATION_COMMENTS = YES;
				CLANG_WARN_EMPTY_BODY = YES;
				CLANG_WARN_ENUM_CONVERSION = YES;
				CLANG_WARN_INFINITE_RECURSION = YES;
				CLANG_WARN_INT_CONVERSION = YES;
				CLANG_WARN_NON_LITERAL_NULL_CONVERSION = YES;
				CLANG_WARN_OBJC_IMPLICIT_RETAIN_SELF = YES;
				CLANG_WARN_OBJC_LITERAL_CONVERSION = YES;
				CLANG_WARN_OBJC_ROOT_CLASS = YES_ERROR;
				CLANG_WARN_QUOTED_INCLUDE_IN_FRAMEWORK_HEADER = YES;
				CLANG_WARN_RANGE_LOOP_ANALYSIS = YES;
				CLANG_WARN_STRICT_PROTOTYPES = YES;
				CLANG_WARN_SUSPICIOUS_MOVE = YES;
				CLANG_WARN_UNGUARDED_AVAILABILITY = YES_AGGRESSIVE;
				CLANG_WARN_UNREACHABLE_CODE = YES;
				CLANG_WARN__DUPLICATE_METHOD_MATCH = YES;
				COPY_PHASE_STRIP = NO;
				DEBUG_INFORMATION_FORMAT = dwarf;
				ENABLE_STRICT_OBJC_MSGSEND = YES;
				ENABLE_TESTABILITY = YES;
				ENABLE_USER_SCRIPT_SANDBOXING = YES;
				GCC_C_LANGUAGE_STANDARD = c17;
				GCC_DYNAMIC_NO_PIC = NO;
				GCC_NO_COMMON_BLOCKS = YES;
				GCC_OPTIMIZATION_LEVEL = 1;
				GCC_PREPROCESSOR_DEFINITIONS = (
					"DEBUG=1",
					"$(inherited)",
				);
				GCC_WARN_64_TO_32_BIT_CONVERSION = YES;
				GCC_WARN_ABOUT_RETURN_TYPE = YES_ERROR;
				GCC_WARN_UNDECLARED_SELECTOR = YES;
				GCC_WARN_UNINITIALIZED_AUTOS = YES_AGGRESSIVE;
				GCC_WARN_UNUSED_FUNCTION = YES;
				GCC_WARN_UNUSED_VARIABLE = YES;
				LOCALIZATION_PREFERS_STRING_CATALOGS = YES;
				MACOSX_DEPLOYMENT_TARGET = 14.2;
				MTL_ENABLE_DEBUG_INFO = INCLUDE_SOURCE;
				MTL_FAST_MATH = YES;
				ONLY_ACTIVE_ARCH = YES;
				OTHER_CPLUSPLUSFLAGS = (
					"$(OTHER_CFLAGS)",
					"-I/Users/anmolkhanna/fmt_build/include",
				);
				OTHER_LDFLAGS = (
					"-lfmt",
					"-L/Users/anmolkhanna/fmt_build/lib",
				);
				SDKROOT = macosx;
			};
			name = Debug;
		};
		5FB632BC2BBCE29F00CCA63C /* Release */ = {
			isa = XCBuildConfiguration;
			buildSettings = {
				ALWAYS_SEARCH_USER_PATHS = NO;
				ASSETCATALOG_COMPILER_GENERATE_SWIFT_ASSET_SYMBOL_EXTENSIONS = YES;
				CLANG_ANALYZER_NONNULL = YES;
				CLANG_ANALYZER_NUMBER_OBJECT_CONVERSION = YES_AGGRESSIVE;
				CLANG_CXX_LANGUAGE_STANDARD = "c++23";
				CLANG_ENABLE_MODULES = YES;
				CLANG_ENABLE_OBJC_ARC = YES;
				CLANG_ENABLE_OBJC_WEAK = YES;
				CLANG_WARN_BLOCK_CAPTURE_AUTORELEASING = YES;
				CLANG_WARN_BOOL_CONVERSION = YES;
				CLANG_WARN_COMMA = YES;
				CLANG_WARN_CONSTANT_CONVERSION = YES;
				CLANG_WARN_DEPRECATED_OBJC_IMPLEMENTATIONS = YES;
				CLANG_WARN_DIRECT_OBJC_ISA_USAGE = YES_ERROR;
				CLANG_WARN_DOCUMENTATION_COMMENTS = YES;
				CLANG_WARN_EMPTY_BODY = YES;
				CLANG_WARN_ENUM_CONVERSION = YES;
				CLANG_WARN_INFINITE_RECURSION = YES;
				CLANG_WARN_INT_CONVERSION = YES;
				CLANG_WARN_NON_LITERAL_NULL_CONVERSION = YES;
				CLANG_WARN_OBJC_IMPLICIT_RETAIN_SELF = YES;
				CLANG_WARN_OBJC_LITERAL_CONVERSION = YES;
				CLANG_WARN_OBJC_ROOT_CLASS = YES_ERROR;
				CLANG_WARN_QUOTED_INCLUDE_IN_FRAMEWORK_HEADER = YES;
				CLANG_WARN_RANGE_LOOP_ANALYSIS = YES;
				CLANG_WARN_STRICT_PROTOTYPES = YES;
				CLANG_WARN_SUSPICIOUS_MOVE = YES;
				CLANG_WARN_UNGUARDED_AVAILABILITY = YES_AGGRESSIVE;
				CLANG_WARN_UNREACHABLE_CODE = YES;
				CLANG_WARN__DUPLICATE_METHOD_MATCH = YES;
				COPY_PHASE_STRIP = NO;
				DEBUG_INFORMATION_FORMAT = "dwarf-with-dsym";
				ENABLE_NS_ASSERTIONS = NO;
				ENABLE_STRICT_OBJC_MSGSEND = YES;
				ENABLE_USER_SCRIPT_SANDBOXING = YES;
				GCC_C_LANGUAGE_STANDARD = c17;
				GCC_NO_COMMON_BLOCKS = YES;
				GCC_OPTIMIZATION_LEVEL = 1;
				GCC_WARN_64_TO_32_BIT_CONVERSION = YES;
				GCC_WARN_ABOUT_RETURN_TYPE = YES_ERROR;
				GCC_WARN_UNDECLARED_SELECTOR = YES;
				GCC_WARN_UNINITIALIZED_AUTOS = YES_AGGRESSIVE;
				GCC_WARN_UNUSED_FUNCTION = YES;
				GCC_WARN_UNUSED_VARIABLE = YES;
				LOCALIZATION_PREFERS_STRING_CATALOGS = YES;
				MACOSX_DEPLOYMENT_TARGET = 14.2;
				MTL_ENABLE_DEBUG_INFO = NO;
				MTL_FAST_MATH = YES;
				OTHER_CPLUSPLUSFLAGS = (
					"$(OTHER_CFLAGS)",
					"-I/Users/anmolkhanna/fmt_build/include",
				);
				OTHER_LDFLAGS = (
					"-lfmt",
					"-L/Users/anmolkhanna/fmt_build/lib",
				);
				SDKROOT = macosx;
			};
			name = Release;
		};
		5FF77DD82BC051F600D94C98 /* Debug */ = {
			isa = XCBuildConfiguration;
			buildSettings = {
				CLANG_CXX_LANGUAGE_STANDARD = "gnu++20";
				CODE_SIGN_STYLE = Automatic;
				DEVELOPMENT_TEAM = 3KNUAKA9XC;
				ENABLE_HARDENED_RUNTIME = YES;
				PRODUCT_NAME = "$(TARGET_NAME)";
			};
			name = Debug;
		};
		5FF77DD92BC051F600D94C98 /* Release */ = {
			isa = XCBuildConfiguration;
			buildSettings = {
				CLANG_CXX_LANGUAGE_STANDARD = "gnu++20";
				CODE_SIGN_STYLE = Automatic;
				DEVELOPMENT_TEAM = 3KNUAKA9XC;
				ENABLE_HARDENED_RUNTIME = YES;
				PRODUCT_NAME = "$(TARGET_NAME)";
			};
			name = Release;
		};
/* End XCBuildConfiguration section */

/* Begin XCConfigurationList section */
		5F8162E52BDE166800A0071A /* Build configuration list for PBXNativeTarget "CPP_Essen" */ = {
			isa = XCConfigurationList;
			buildConfigurations = (
				5F8162E62BDE166800A0071A /* Debug */,
				5F8162E72BDE166800A0071A /* Release */,
			);
			defaultConfigurationIsVisible = 0;
			defaultConfigurationName = Debug;
		};
		5F8162F02BDE16A000A0071A /* Build configuration list for PBXNativeTarget "EssentialsOfCPP" */ = {
			isa = XCConfigurationList;
			buildConfigurations = (
				5F8162F12BDE16A000A0071A /* Debug */,
				5F8162F22BDE16A000A0071A /* Release */,
			);
			defaultConfigurationIsVisible = 0;
			defaultConfigurationName = Debug;
		};
		5F8163012BE0E01D00A0071A /* Build configuration list for PBXNativeTarget "Advanced-C-Programming" */ = {
			isa = XCConfigurationList;
			buildConfigurations = (
				5F8163022BE0E01D00A0071A /* Debug */,
				5F8163032BE0E01D00A0071A /* Release */,
			);
			defaultConfigurationIsVisible = 0;
			defaultConfigurationName = Debug;
		};
		5FB632B12BBCE29F00CCA63C /* Build configuration list for PBXProject "EssentialsOfCPP" */ = {
			isa = XCConfigurationList;
			buildConfigurations = (
				5FB632BB2BBCE29F00CCA63C /* Debug */,
				5FB632BC2BBCE29F00CCA63C /* Release */,
			);
			defaultConfigurationIsVisible = 0;
			defaultConfigurationName = Debug;
		};
		5FF77DD72BC051F600D94C98 /* Build configuration list for PBXNativeTarget "C_DanGookin" */ = {
			isa = XCConfigurationList;
			buildConfigurations = (
				5FF77DD82BC051F600D94C98 /* Debug */,
				5FF77DD92BC051F600D94C98 /* Release */,
			);
			defaultConfigurationIsVisible = 0;
			defaultConfigurationName = Debug;
		};
/* End XCConfigurationList section */
	};
	rootObject = 5FB632AE2BBCE29F00CCA63C /* Project object */;
}
